
Microsoft Visual Studio Solution File, Format Version 12.00
# Visual Studio Version 17
VisualStudioVersion = 17.11.35208.52
MinimumVisualStudioVersion = 10.0.40219.1
Project("{9A19103F-16F7-4668-BE54-9A1E7A4F7556}") = "MuhammadAl-ZubairObaid.ConsoleEnhancements", "MuhammadAl-ZubairObaid.ConsoleEnhancements.csproj", "{84ABA913-AFC6-45F0-9AD6-78428E67B963}"
EndProject
Global
	GlobalSection(SolutionConfigurationPlatforms) = preSolution
		Debug|Any CPU = Debug|Any CPU
		Release|Any CPU = Release|Any CPU
	EndGlobalSection
	GlobalSection(ProjectConfigurationPlatforms) = postSolution
		{84ABA913-AFC6-45F0-9AD6-78428E67B963}.Debug|Any CPU.ActiveCfg = Debug|Any CPU
		{84ABA913-AFC6-45F0-9AD6-78428E67B963}.Debug|Any CPU.Build.0 = Debug|Any CPU
		{84ABA913-AFC6-45F0-9AD6-78428E67B963}.Release|Any CPU.ActiveCfg = Release|Any CPU
		{84ABA913-AFC6-45F0-9AD6-78428E67B963}.Release|Any CPU.Build.0 = Release|Any CPU
	EndGlobalSection
	GlobalSection(SolutionProperties) = preSolution
		HideSolutionNode = FALSE
	EndGlobalSection
	GlobalSection(ExtensibilityGlobals) = postSolution
		SolutionGuid = {94DA6B77-7289-4271-81AA-30E998DDEB2F}
	EndGlobalSection
EndGlobal
